
Microsoft Visual Studio Solution File, Format Version 12.00
# Visual Studio Version 16
VisualStudioVersion = 16.0.31624.102
MinimumVisualStudioVersion = 10.0.40219.1
Project("{FAE04EC0-301F-11D3-BF4B-00C04F79EFBC}") = "O-Mil", "O-Mil\O-Mil.csproj", "{9A3B751F-A825-4C32-B5D3-D4E0A6DAC956}"
EndProject
Project("{FAE04EC0-301F-11D3-BF4B-00C04F79EFBC}") = "Repository", "Repository\Repository.csproj", "{FA23FB60-A4B7-43AD-91F7-E4E9240963C8}"
EndProject
Project("{FAE04EC0-301F-11D3-BF4B-00C04F79EFBC}") = "Service", "Service\Service.csproj", "{5340D115-B340-44F6-8602-4F9FB853DDDE}"
EndProject
Project("{FAE04EC0-301F-11D3-BF4B-00C04F79EFBC}") = "Shared", "Shared\Shared.csproj", "{3945FA27-5409-4DDE-8B16-7CF362456EE6}"
EndProject
Global
	GlobalSection(SolutionConfigurationPlatforms) = preSolution
		Debug|Any CPU = Debug|Any CPU
		Release|Any CPU = Release|Any CPU
	EndGlobalSection
	GlobalSection(ProjectConfigurationPlatforms) = postSolution
		{9A3B751F-A825-4C32-B5D3-D4E0A6DAC956}.Debug|Any CPU.ActiveCfg = Debug|Any CPU
		{9A3B751F-A825-4C32-B5D3-D4E0A6DAC956}.Debug|Any CPU.Build.0 = Debug|Any CPU
		{9A3B751F-A825-4C32-B5D3-D4E0A6DAC956}.Release|Any CPU.ActiveCfg = Release|Any CPU
		{9A3B751F-A825-4C32-B5D3-D4E0A6DAC956}.Release|Any CPU.Build.0 = Release|Any CPU
		{FA23FB60-A4B7-43AD-91F7-E4E9240963C8}.Debug|Any CPU.ActiveCfg = Debug|Any CPU
		{FA23FB60-A4B7-43AD-91F7-E4E9240963C8}.Debug|Any CPU.Build.0 = Debug|Any CPU
		{FA23FB60-A4B7-43AD-91F7-E4E9240963C8}.Release|Any CPU.ActiveCfg = Release|Any CPU
		{FA23FB60-A4B7-43AD-91F7-E4E9240963C8}.Release|Any CPU.Build.0 = Release|Any CPU
		{5340D115-B340-44F6-8602-4F9FB853DDDE}.Debug|Any CPU.ActiveCfg = Debug|Any CPU
		{5340D115-B340-44F6-8602-4F9FB853DDDE}.Debug|Any CPU.Build.0 = Debug|Any CPU
		{5340D115-B340-44F6-8602-4F9FB853DDDE}.Release|Any CPU.ActiveCfg = Release|Any CPU
		{5340D115-B340-44F6-8602-4F9FB853DDDE}.Release|Any CPU.Build.0 = Release|Any CPU
		{3945FA27-5409-4DDE-8B16-7CF362456EE6}.Debug|Any CPU.ActiveCfg = Debug|Any CPU
		{3945FA27-5409-4DDE-8B16-7CF362456EE6}.Debug|Any CPU.Build.0 = Debug|Any CPU
		{3945FA27-5409-4DDE-8B16-7CF362456EE6}.Release|Any CPU.ActiveCfg = Release|Any CPU
		{3945FA27-5409-4DDE-8B16-7CF362456EE6}.Release|Any CPU.Build.0 = Release|Any CPU
	EndGlobalSection
	GlobalSection(SolutionProperties) = preSolution
		HideSolutionNode = FALSE
	EndGlobalSection
	GlobalSection(ExtensibilityGlobals) = postSolution
		SolutionGuid = {0F6BD654-AD1D-4E7F-8439-F1158FD0566E}
	EndGlobalSection
EndGlobal
